<?xml version="1.0" encoding="utf-8"?>
<Project ToolsVersion="4.0" xmlns="http://schemas.microsoft.com/developer/msbuild/2003">
  <ItemGroup>
    <ClCompile Include="main.cpp" />
    <ClCompile Include="Renderer\MenuHandler.cpp">
      <Filter>Renderer</Filter>
    </ClCompile>
    <ClCompile Include="Renderer\RenderHandler.cpp">
      <Filter>Renderer</Filter>
    </ClCompile>
    <ClCompile Include="..\dependencies\imgui\imgui.cpp">
      <Filter>dependencies\imgui</Filter>
    </ClCompile>
    <ClCompile Include="..\dependencies\imgui\imgui_demo.cpp">
      <Filter>dependencies\imgui</Filter>
    </ClCompile>
    <ClCompile Include="..\dependencies\imgui\imgui_draw.cpp">
      <Filter>dependencies\imgui</Filter>
    </ClCompile>
    <ClCompile Include="..\dependencies\imgui\imgui_impl_dx11.cpp">
      <Filter>dependencies\imgui</Filter>
    </ClCompile>
    <ClCompile Include="..\dependencies\imgui\imgui_impl_win32.cpp">
      <Filter>dependencies\imgui</Filter>
    </ClCompile>
    <ClCompile Include="..\dependencies\imgui\imgui_tables.cpp">
      <Filter>dependencies\imgui</Filter>
    </ClCompile>
    <ClCompile Include="..\dependencies\imgui\imgui_widgets.cpp">
      <Filter>dependencies\imgui</Filter>
    </ClCompile>
  </ItemGroup>
  <ItemGroup>
    <ClInclude Include="main.h" />
    <ClInclude Include="Renderer\MenuHandler.h">
      <Filter>Renderer</Filter>
    </ClInclude>
    <ClInclude Include="Renderer\RenderHandler.h">
      <Filter>Renderer</Filter>
    </ClInclude>
    <ClInclude Include="..\dependencies\imgui\imconfig.h">
      <Filter>dependencies\imgui</Filter>
    </ClInclude>
    <ClInclude Include="..\dependencies\imgui\imgui.h">
      <Filter>dependencies\imgui</Filter>
    </ClInclude>
    <ClInclude Include="..\dependencies\imgui\imgui_impl_dx11.h">
      <Filter>dependencies\imgui</Filter>
    </ClInclude>
    <ClInclude Include="..\dependencies\imgui\imgui_impl_win32.h">
      <Filter>dependencies\imgui</Filter>
    </ClInclude>
    <ClInclude Include="..\dependencies\imgui\imgui_internal.h">
      <Filter>dependencies\imgui</Filter>
    </ClInclude>
    <ClInclude Include="..\dependencies\imgui\imstb_rectpack.h">
      <Filter>dependencies\imgui</Filter>
    </ClInclude>
    <ClInclude Include="..\dependencies\imgui\imstb_textedit.h">
      <Filter>dependencies\imgui</Filter>
    </ClInclude>
    <ClInclude Include="..\dependencies\imgui\imstb_truetype.h">
      <Filter>dependencies\imgui</Filter>
    </ClInclude>
  </ItemGroup>
  <ItemGroup>
    <Filter Include="Renderer">
      <UniqueIdentifier>{2d4260fe-b0d5-4894-93df-a39f1763ab70}</UniqueIdentifier>
    </Filter>
    <Filter Include="dependencies">
      <UniqueIdentifier>{bbd85f6f-2f88-42ba-8faa-bf47a4209537}</UniqueIdentifier>
    </Filter>
    <Filter Include="dependencies\imgui">
      <UniqueIdentifier>{32fb74f5-e134-438b-b80e-b49104f3fc5e}</UniqueIdentifier>
    </Filter>
  </ItemGroup>
</Project>